
Microsoft Visual Studio Solution File, Format Version 12.00
# Visual Studio Version 17
VisualStudioVersion = 17.3.32901.215
MinimumVisualStudioVersion = 10.0.40219.1
Project("{FAE04EC0-301F-11D3-BF4B-00C04F79EFBC}") = "DBFirst", "DBFirst\DBFirst.csproj", "{C55CB4EC-EC84-48E6-90BA-1103D8EB07E5}"
EndProject
Global
	GlobalSection(SolutionConfigurationPlatforms) = preSolution
		Debug|Any CPU = Debug|Any CPU
		Release|Any CPU = Release|Any CPU
	EndGlobalSection
	GlobalSection(ProjectConfigurationPlatforms) = postSolution
		{C55CB4EC-EC84-48E6-90BA-1103D8EB07E5}.Debug|Any CPU.ActiveCfg = Debug|Any CPU
		{C55CB4EC-EC84-48E6-90BA-1103D8EB07E5}.Debug|Any CPU.Build.0 = Debug|Any CPU
		{C55CB4EC-EC84-48E6-90BA-1103D8EB07E5}.Release|Any CPU.ActiveCfg = Release|Any CPU
		{C55CB4EC-EC84-48E6-90BA-1103D8EB07E5}.Release|Any CPU.Build.0 = Release|Any CPU
	EndGlobalSection
	GlobalSection(SolutionProperties) = preSolution
		HideSolutionNode = FALSE
	EndGlobalSection
	GlobalSection(ExtensibilityGlobals) = postSolution
		SolutionGuid = {D89A759C-C0AC-4868-9B29-48BF17750D49}
	EndGlobalSection
EndGlobal
